schema_version: "1.0.0"
disable: false

dip: false
block: true
style: block_1
name: "Joystick Module [0372]"
title:
  - "Joystick"
  - "Module"
left:
  - - "Physical X"
    - "Movement"
  - - "Physical Y"
    - "Movement"
  - - "Physical"
    - "Button Press"
right:
  - - "X Movement"
    - "Signal"
  - - "Y Movement"
    - "Signal"
  - - "Press (button)"
    - "Signal"
