schema_version: "1.0.0"
disable: false

dip: false
block: true
style: block_1
name: "Light Emitting Diode (LED) [0894]"
title:
  - "Light"
  - "Emitting"
  - "Diode (LED)"
  - "%color%"
bottom_text:
  - "#0894"
placeholders:
  "color": "!COLOR!"
left:
 - - "LED"
   - "Signal"
right:
 - - "Physical"
   - "Light"