schema_version: "1.0.0"
disable: false

dip: false
block: true
style: block_1
name: "Shift Register (74HC595) [4008]"
title:
  - "Shift"
  - "Register"
  - "(74HC595)"
left:
  - - "Input"
    - "Signal"
right:
  - - "Out 0"
    - "Signal"
  - - "Out 1"
    - "Signal"
  - - "Out 2"
    - "Signal"
  - - "Out 3"
    - "Signal"
  - - "Out 4"
    - "Signal"
  - - "Out 5"
    - "Signal"
  - - "Out 6"
    - "Signal"
  - - "Out 7"
    - "Signal"
