schema_version: "1.0.0"
disable: false

dip: false
block: true
style: block_1
name: "Custom 3 inputs, 3 outputs"
title:
  - placeholder: "EDIT ME"
bottom_text:
  - ""
left:
  - - placeholder: "EDIT ME"
  - - placeholder: "EDIT ME"
  - - placeholder: "EDIT ME"
right:
  - - placeholder: "EDIT ME"
  - - placeholder: "EDIT ME"
  - - placeholder: "EDIT ME"
